
Microsoft Visual Studio Solution File, Format Version 12.00
# Visual Studio Version 17
VisualStudioVersion = 17.9.34728.123
MinimumVisualStudioVersion = 10.0.40219.1
Project("{FAE04EC0-301F-11D3-BF4B-00C04F79EFBC}") = "InventoryManagement", "InventoryManagement\InventoryManagement.csproj", "{67DC2749-D178-490B-8497-F231C23C7ACA}"
EndProject
Global
	GlobalSection(SolutionConfigurationPlatforms) = preSolution
		Debug|Any CPU = Debug|Any CPU
		Release|Any CPU = Release|Any CPU
	EndGlobalSection
	GlobalSection(ProjectConfigurationPlatforms) = postSolution
		{67DC2749-D178-490B-8497-F231C23C7ACA}.Debug|Any CPU.ActiveCfg = Debug|Any CPU
		{67DC2749-D178-490B-8497-F231C23C7ACA}.Debug|Any CPU.Build.0 = Debug|Any CPU
		{67DC2749-D178-490B-8497-F231C23C7ACA}.Release|Any CPU.ActiveCfg = Release|Any CPU
		{67DC2749-D178-490B-8497-F231C23C7ACA}.Release|Any CPU.Build.0 = Release|Any CPU
	EndGlobalSection
	GlobalSection(SolutionProperties) = preSolution
		HideSolutionNode = FALSE
	EndGlobalSection
	GlobalSection(ExtensibilityGlobals) = postSolution
		SolutionGuid = {61C38989-AFAF-417F-9559-23FCEC7D98B4}
	EndGlobalSection
EndGlobal
